// !$*UTF8*$!
{
	archiveVersion = 1;
	classes = {
	};
	objectVersion = 50;
	objects = {

/* Begin PBXBuildFile section */
		DC194CB321FA003C0015FDF8 /* AppDelegate.swift in Sources */ = {isa = PBXBuildFile; fileRef = DC194CB221FA003C0015FDF8 /* AppDelegate.swift */; };
		DC194CB821FA003C0015FDF8 /* Main.storyboard in Resources */ = {isa = PBXBuildFile; fileRef = DC194CB621FA003C0015FDF8 /* Main.storyboard */; };
		DC194CBA21FA003D0015FDF8 /* Assets.xcassets in Resources */ = {isa = PBXBuildFile; fileRef = DC194CB921FA003D0015FDF8 /* Assets.xcassets */; };
		DC194CBD21FA003D0015FDF8 /* LaunchScreen.storyboard in Resources */ = {isa = PBXBuildFile; fileRef = DC194CBB21FA003D0015FDF8 /* LaunchScreen.storyboard */; };
		DC194CC821FA003D0015FDF8 /* Teste_HiTests.swift in Sources */ = {isa = PBXBuildFile; fileRef = DC194CC721FA003D0015FDF8 /* Teste_HiTests.swift */; };
		DC194CD521FA575B0015FDF8 /* StateTableViewController.swift in Sources */ = {isa = PBXBuildFile; fileRef = DC194CD421FA575B0015FDF8 /* StateTableViewController.swift */; };
		DC194CD721FA57700015FDF8 /* UniversityTableViewController.swift in Sources */ = {isa = PBXBuildFile; fileRef = DC194CD621FA57700015FDF8 /* UniversityTableViewController.swift */; };
		DC46D60B21FD0EF700DF66D1 /* LoginViewController.swift in Sources */ = {isa = PBXBuildFile; fileRef = DC46D60A21FD0EF700DF66D1 /* LoginViewController.swift */; };
		E9303EB72A39726EA8AC0E54 /* Pods_Teste_Hi.framework in Frameworks */ = {isa = PBXBuildFile; fileRef = DBAFD560955F88932E61D1CF /* Pods_Teste_Hi.framework */; };
		EBE68292714C763104804EA4 /* Pods_Teste_HiTests.framework in Frameworks */ = {isa = PBXBuildFile; fileRef = 925B80A94A57DC18D44526F9 /* Pods_Teste_HiTests.framework */; };
/* End PBXBuildFile section */

/* Begin PBXContainerItemProxy section */
		DC194CC421FA003D0015FDF8 /* PBXContainerItemProxy */ = {
			isa = PBXContainerItemProxy;
			containerPortal = DC194CA721FA003B0015FDF8 /* Project object */;
			proxyType = 1;
			remoteGlobalIDString = DC194CAE21FA003B0015FDF8;
			remoteInfo = "Teste Hi";
		};
/* End PBXContainerItemProxy section */

/* Begin PBXFileReference section */
		109291356EEFA805C2F7D914 /* Pods-Teste Hi.release.xcconfig */ = {isa = PBXFileReference; includeInIndex = 1; lastKnownFileType = text.xcconfig; name = "Pods-Teste Hi.release.xcconfig"; path = "Pods/Target Support Files/Pods-Teste Hi/Pods-Teste Hi.release.xcconfig"; sourceTree = "<group>"; };
		266D9BFE91A529FAB7D4C355 /* Pods-Teste HiTests.debug.xcconfig */ = {isa = PBXFileReference; includeInIndex = 1; lastKnownFileType = text.xcconfig; name = "Pods-Teste HiTests.debug.xcconfig"; path = "Pods/Target Support Files/Pods-Teste HiTests/Pods-Teste HiTests.debug.xcconfig"; sourceTree = "<group>"; };
		4C384B604F0E490ADC6E3DF0 /* Pods-Teste Hi.debug.xcconfig */ = {isa = PBXFileReference; includeInIndex = 1; lastKnownFileType = text.xcconfig; name = "Pods-Teste Hi.debug.xcconfig"; path = "Pods/Target Support Files/Pods-Teste Hi/Pods-Teste Hi.debug.xcconfig"; sourceTree = "<group>"; };
		638211B1920A30090E1CCBBB /* Pods-Teste HiTests.release.xcconfig */ = {isa = PBXFileReference; includeInIndex = 1; lastKnownFileType = text.xcconfig; name = "Pods-Teste HiTests.release.xcconfig"; path = "Pods/Target Support Files/Pods-Teste HiTests/Pods-Teste HiTests.release.xcconfig"; sourceTree = "<group>"; };
		925B80A94A57DC18D44526F9 /* Pods_Teste_HiTests.framework */ = {isa = PBXFileReference; explicitFileType = wrapper.framework; includeInIndex = 0; path = Pods_Teste_HiTests.framework; sourceTree = BUILT_PRODUCTS_DIR; };
		DBAFD560955F88932E61D1CF /* Pods_Teste_Hi.framework */ = {isa = PBXFileReference; explicitFileType = wrapper.framework; includeInIndex = 0; path = Pods_Teste_Hi.framework; sourceTree = BUILT_PRODUCTS_DIR; };
		DC194CAF21FA003B0015FDF8 /* Teste Hi.app */ = {isa = PBXFileReference; explicitFileType = wrapper.application; includeInIndex = 0; path = "Teste Hi.app"; sourceTree = BUILT_PRODUCTS_DIR; };
		DC194CB221FA003C0015FDF8 /* AppDelegate.swift */ = {isa = PBXFileReference; lastKnownFileType = sourcecode.swift; path = AppDelegate.swift; sourceTree = "<group>"; };
		DC194CB721FA003C0015FDF8 /* Base */ = {isa = PBXFileReference; lastKnownFileType = file.storyboard; name = Base; path = Base.lproj/Main.storyboard; sourceTree = "<group>"; };
		DC194CB921FA003D0015FDF8 /* Assets.xcassets */ = {isa = PBXFileReference; lastKnownFileType = folder.assetcatalog; path = Assets.xcassets; sourceTree = "<group>"; };
		DC194CBC21FA003D0015FDF8 /* Base */ = {isa = PBXFileReference; lastKnownFileType = file.storyboard; name = Base; path = Base.lproj/LaunchScreen.storyboard; sourceTree = "<group>"; };
		DC194CBE21FA003D0015FDF8 /* Info.plist */ = {isa = PBXFileReference; lastKnownFileType = text.plist.xml; path = Info.plist; sourceTree = "<group>"; };
		DC194CC321FA003D0015FDF8 /* Teste HiTests.xctest */ = {isa = PBXFileReference; explicitFileType = wrapper.cfbundle; includeInIndex = 0; path = "Teste HiTests.xctest"; sourceTree = BUILT_PRODUCTS_DIR; };
		DC194CC721FA003D0015FDF8 /* Teste_HiTests.swift */ = {isa = PBXFileReference; lastKnownFileType = sourcecode.swift; path = Teste_HiTests.swift; sourceTree = "<group>"; };
		DC194CC921FA003D0015FDF8 /* Info.plist */ = {isa = PBXFileReference; lastKnownFileType = text.plist.xml; path = Info.plist; sourceTree = "<group>"; };
		DC194CD421FA575B0015FDF8 /* StateTableViewController.swift */ = {isa = PBXFileReference; lastKnownFileType = sourcecode.swift; path = StateTableViewController.swift; sourceTree = "<group>"; };
		DC194CD621FA57700015FDF8 /* UniversityTableViewController.swift */ = {isa = PBXFileReference; lastKnownFileType = sourcecode.swift; path = UniversityTableViewController.swift; sourceTree = "<group>"; };
		DC46D60A21FD0EF700DF66D1 /* LoginViewController.swift */ = {isa = PBXFileReference; lastKnownFileType = sourcecode.swift; path = LoginViewController.swift; sourceTree = "<group>"; };
/* End PBXFileReference section */

/* Begin PBXFrameworksBuildPhase section */
		DC194CAC21FA003B0015FDF8 /* Frameworks */ = {
			isa = PBXFrameworksBuildPhase;
			buildActionMask = 2147483647;
			files = (
				E9303EB72A39726EA8AC0E54 /* Pods_Teste_Hi.framework in Frameworks */,
			);
			runOnlyForDeploymentPostprocessing = 0;
		};
		DC194CC021FA003D0015FDF8 /* Frameworks */ = {
			isa = PBXFrameworksBuildPhase;
			buildActionMask = 2147483647;
			files = (
				EBE68292714C763104804EA4 /* Pods_Teste_HiTests.framework in Frameworks */,
			);
			runOnlyForDeploymentPostprocessing = 0;
		};
/* End PBXFrameworksBuildPhase section */

/* Begin PBXGroup section */
		04AF516FA059196E76E34D5B /* Pods */ = {
			isa = PBXGroup;
			children = (
				4C384B604F0E490ADC6E3DF0 /* Pods-Teste Hi.debug.xcconfig */,
				109291356EEFA805C2F7D914 /* Pods-Teste Hi.release.xcconfig */,
				266D9BFE91A529FAB7D4C355 /* Pods-Teste HiTests.debug.xcconfig */,
				638211B1920A30090E1CCBBB /* Pods-Teste HiTests.release.xcconfig */,
			);
			name = Pods;
			sourceTree = "<group>";
		};
		AC250DE7DF686DA6078BCBB7 /* Frameworks */ = {
			isa = PBXGroup;
			children = (
				DBAFD560955F88932E61D1CF /* Pods_Teste_Hi.framework */,
				925B80A94A57DC18D44526F9 /* Pods_Teste_HiTests.framework */,
			);
			name = Frameworks;
			sourceTree = "<group>";
		};
		DC194CA621FA003B0015FDF8 = {
			isa = PBXGroup;
			children = (
				DC194CB121FA003B0015FDF8 /* Teste Hi */,
				DC194CC621FA003D0015FDF8 /* Teste HiTests */,
				DC194CB021FA003B0015FDF8 /* Products */,
				04AF516FA059196E76E34D5B /* Pods */,
				AC250DE7DF686DA6078BCBB7 /* Frameworks */,
			);
			sourceTree = "<group>";
		};
		DC194CB021FA003B0015FDF8 /* Products */ = {
			isa = PBXGroup;
			children = (
				DC194CAF21FA003B0015FDF8 /* Teste Hi.app */,
				DC194CC321FA003D0015FDF8 /* Teste HiTests.xctest */,
			);
			name = Products;
			sourceTree = "<group>";
		};
		DC194CB121FA003B0015FDF8 /* Teste Hi */ = {
			isa = PBXGroup;
			children = (
				DC194CB221FA003C0015FDF8 /* AppDelegate.swift */,
				DC194CB621FA003C0015FDF8 /* Main.storyboard */,
				DC194CB921FA003D0015FDF8 /* Assets.xcassets */,
				DC194CBB21FA003D0015FDF8 /* LaunchScreen.storyboard */,
				DC194CBE21FA003D0015FDF8 /* Info.plist */,
				DC194CD421FA575B0015FDF8 /* StateTableViewController.swift */,
				DC194CD621FA57700015FDF8 /* UniversityTableViewController.swift */,
				DC46D60A21FD0EF700DF66D1 /* LoginViewController.swift */,
			);
			path = "Teste Hi";
			sourceTree = "<group>";
		};
		DC194CC621FA003D0015FDF8 /* Teste HiTests */ = {
			isa = PBXGroup;
			children = (
				DC194CC721FA003D0015FDF8 /* Teste_HiTests.swift */,
				DC194CC921FA003D0015FDF8 /* Info.plist */,
			);
			path = "Teste HiTests";
			sourceTree = "<group>";
		};
/* End PBXGroup section */

/* Begin PBXNativeTarget section */
		DC194CAE21FA003B0015FDF8 /* Teste Hi */ = {
			isa = PBXNativeTarget;
			buildConfigurationList = DC194CCC21FA003D0015FDF8 /* Build configuration list for PBXNativeTarget "Teste Hi" */;
			buildPhases = (
				1B128EC1E143FFFB73DA24F4 /* [CP] Check Pods Manifest.lock */,
				DC194CAB21FA003B0015FDF8 /* Sources */,
				DC194CAC21FA003B0015FDF8 /* Frameworks */,
				DC194CAD21FA003B0015FDF8 /* Resources */,
				4C1769D8D7CA37E87A25A4CF /* [CP] Embed Pods Frameworks */,
			);
			buildRules = (
			);
			dependencies = (
			);
			name = "Teste Hi";
			productName = "Teste Hi";
			productReference = DC194CAF21FA003B0015FDF8 /* Teste Hi.app */;
			productType = "com.apple.product-type.application";
		};
		DC194CC221FA003D0015FDF8 /* Teste HiTests */ = {
			isa = PBXNativeTarget;
			buildConfigurationList = DC194CCF21FA003D0015FDF8 /* Build configuration list for PBXNativeTarget "Teste HiTests" */;
			buildPhases = (
				428C8932058203B34F418BCF /* [CP] Check Pods Manifest.lock */,
				DC194CBF21FA003D0015FDF8 /* Sources */,
				DC194CC021FA003D0015FDF8 /* Frameworks */,
				DC194CC121FA003D0015FDF8 /* Resources */,
			);
			buildRules = (
			);
			dependencies = (
				DC194CC521FA003D0015FDF8 /* PBXTargetDependency */,
			);
			name = "Teste HiTests";
			productName = "Teste HiTests";
			productReference = DC194CC321FA003D0015FDF8 /* Teste HiTests.xctest */;
			productType = "com.apple.product-type.bundle.unit-test";
		};
/* End PBXNativeTarget section */

/* Begin PBXProject section */
		DC194CA721FA003B0015FDF8 /* Project object */ = {
			isa = PBXProject;
			attributes = {
				LastSwiftUpdateCheck = 1010;
				LastUpgradeCheck = 1010;
				ORGANIZATIONNAME = Joao;
				TargetAttributes = {
					DC194CAE21FA003B0015FDF8 = {
						CreatedOnToolsVersion = 10.1;
					};
					DC194CC221FA003D0015FDF8 = {
						CreatedOnToolsVersion = 10.1;
						TestTargetID = DC194CAE21FA003B0015FDF8;
					};
				};
			};
			buildConfigurationList = DC194CAA21FA003B0015FDF8 /* Build configuration list for PBXProject "Teste Hi" */;
			compatibilityVersion = "Xcode 9.3";
			developmentRegion = en;
			hasScannedForEncodings = 0;
			knownRegions = (
				en,
				Base,
			);
			mainGroup = DC194CA621FA003B0015FDF8;
			productRefGroup = DC194CB021FA003B0015FDF8 /* Products */;
			projectDirPath = "";
			projectRoot = "";
			targets = (
				DC194CAE21FA003B0015FDF8 /* Teste Hi */,
				DC194CC221FA003D0015FDF8 /* Teste HiTests */,
			);
		};
/* End PBXProject section */

/* Begin PBXResourcesBuildPhase section */
		DC194CAD21FA003B0015FDF8 /* Resources */ = {
			isa = PBXResourcesBuildPhase;
			buildActionMask = 2147483647;
			files = (
				DC194CBD21FA003D0015FDF8 /* LaunchScreen.storyboard in Resources */,
				DC194CBA21FA003D0015FDF8 /* Assets.xcassets in Resources */,
				DC194CB821FA003C0015FDF8 /* Main.storyboard in Resources */,
			);
			runOnlyForDeploymentPostprocessing = 0;
		};
		DC194CC121FA003D0015FDF8 /* Resources */ = {
			isa = PBXResourcesBuildPhase;
			buildActionMask = 2147483647;
			files = (
			);
			runOnlyForDeploymentPostprocessing = 0;
		};
/* End PBXResourcesBuildPhase section */

/* Begin PBXShellScriptBuildPhase section */
		1B128EC1E143FFFB73DA24F4 /* [CP] Check Pods Manifest.lock */ = {
			isa = PBXShellScriptBuildPhase;
			buildActionMask = 2147483647;
			files = (
			);
			inputFileListPaths = (
			);
			inputPaths = (
				"${PODS_PODFILE_DIR_PATH}/Podfile.lock",
				"${PODS_ROOT}/Manifest.lock",
			);
			name = "[CP] Check Pods Manifest.lock";
			outputFileListPaths = (
			);
			outputPaths = (
				"$(DERIVED_FILE_DIR)/Pods-Teste Hi-checkManifestLockResult.txt",
			);
			runOnlyForDeploymentPostprocessing = 0;
			shellPath = /bin/sh;
			shellScript = "diff \"${PODS_PODFILE_DIR_PATH}/Podfile.lock\" \"${PODS_ROOT}/Manifest.lock\" > /dev/null\nif [ $? != 0 ] ; then\n    # print error to STDERR\n    echo \"error: The sandbox is not in sync with the Podfile.lock. Run 'pod install' or update your CocoaPods installation.\" >&2\n    exit 1\nfi\n# This output is used by Xcode 'outputs' to avoid re-running this script phase.\necho \"SUCCESS\" > \"${SCRIPT_OUTPUT_FILE_0}\"\n";
			showEnvVarsInLog = 0;
		};
		428C8932058203B34F418BCF /* [CP] Check Pods Manifest.lock */ = {
			isa = PBXShellScriptBuildPhase;
			buildActionMask = 2147483647;
			files = (
			);
			inputFileListPaths = (
			);
			inputPaths = (
				"${PODS_PODFILE_DIR_PATH}/Podfile.lock",
				"${PODS_ROOT}/Manifest.lock",
			);
			name = "[CP] Check Pods Manifest.lock";
			outputFileListPaths = (
			);
			outputPaths = (
				"$(DERIVED_FILE_DIR)/Pods-Teste HiTests-checkManifestLockResult.txt",
			);
			runOnlyForDeploymentPostprocessing = 0;
			shellPath = /bin/sh;
			shellScript = "diff \"${PODS_PODFILE_DIR_PATH}/Podfile.lock\" \"${PODS_ROOT}/Manifest.lock\" > /dev/null\nif [ $? != 0 ] ; then\n    # print error to STDERR\n    echo \"error: The sandbox is not in sync with the Podfile.lock. Run 'pod install' or update your CocoaPods installation.\" >&2\n    exit 1\nfi\n# This output is used by Xcode 'outputs' to avoid re-running this script phase.\necho \"SUCCESS\" > \"${SCRIPT_OUTPUT_FILE_0}\"\n";
			showEnvVarsInLog = 0;
		};
		4C1769D8D7CA37E87A25A4CF /* [CP] Embed Pods Frameworks */ = {
			isa = PBXShellScriptBuildPhase;
			buildActionMask = 2147483647;
			files = (
			);
			inputFileListPaths = (
			);
			inputPaths = (
				"${SRCROOT}/Pods/Target Support Files/Pods-Teste Hi/Pods-Teste Hi-frameworks.sh",
				"${BUILT_PRODUCTS_DIR}/Kingfisher/Kingfisher.framework",
			);
			name = "[CP] Embed Pods Frameworks";
			outputFileListPaths = (
			);
			outputPaths = (
				"${TARGET_BUILD_DIR}/${FRAMEWORKS_FOLDER_PATH}/Kingfisher.framework",
			);
			runOnlyForDeploymentPostprocessing = 0;
			shellPath = /bin/sh;
			shellScript = "\"${SRCROOT}/Pods/Target Support Files/Pods-Teste Hi/Pods-Teste Hi-frameworks.sh\"\n";
			showEnvVarsInLog = 0;
		};
/* End PBXShellScriptBuildPhase section */

/* Begin PBXSourcesBuildPhase section */
		DC194CAB21FA003B0015FDF8 /* Sources */ = {
			isa = PBXSourcesBuildPhase;
			buildActionMask = 2147483647;
			files = (
				DC46D60B21FD0EF700DF66D1 /* LoginViewController.swift in Sources */,
				DC194CB321FA003C0015FDF8 /* AppDelegate.swift in Sources */,
				DC194CD521FA575B0015FDF8 /* StateTableViewController.swift in Sources */,
				DC194CD721FA57700015FDF8 /* UniversityTableViewController.swift in Sources */,
			);
			runOnlyForDeploymentPostprocessing = 0;
		};
		DC194CBF21FA003D0015FDF8 /* Sources */ = {
			isa = PBXSourcesBuildPhase;
			buildActionMask = 2147483647;
			files = (
				DC194CC821FA003D0015FDF8 /* Teste_HiTests.swift in Sources */,
			);
			runOnlyForDeploymentPostprocessing = 0;
		};
/* End PBXSourcesBuildPhase section */

/* Begin PBXTargetDependency section */
		DC194CC521FA003D0015FDF8 /* PBXTargetDependency */ = {
			isa = PBXTargetDependency;
			target = DC194CAE21FA003B0015FDF8 /* Teste Hi */;
			targetProxy = DC194CC421FA003D0015FDF8 /* PBXContainerItemProxy */;
		};
/* End PBXTargetDependency section */

/* Begin PBXVariantGroup section */
		DC194CB621FA003C0015FDF8 /* Main.storyboard */ = {
			isa = PBXVariantGroup;
			children = (
				DC194CB721FA003C0015FDF8 /* Base */,
			);
			name = Main.storyboard;
			sourceTree = "<group>";
		};
		DC194CBB21FA003D0015FDF8 /* LaunchScreen.storyboard */ = {
			isa = PBXVariantGroup;
			children = (
				DC194CBC21FA003D0015FDF8 /* Base */,
			);
			name = LaunchScreen.storyboard;
			sourceTree = "<group>";
		};
/* End PBXVariantGroup section */

/* Begin XCBuildConfiguration section */
		DC194CCA21FA003D0015FDF8 /* Debug */ = {
			isa = XCBuildConfiguration;
			buildSettings = {
				ALWAYS_SEARCH_USER_PATHS = NO;
				CLANG_ANALYZER_NONNULL = YES;
				CLANG_ANALYZER_NUMBER_OBJECT_CONVERSION = YES_AGGRESSIVE;
				CLANG_CXX_LANGUAGE_STANDARD = "gnu++14";
				CLANG_CXX_LIBRARY = "libc++";
				CLANG_ENABLE_MODULES = YES;
				CLANG_ENABLE_OBJC_ARC = YES;
				CLANG_ENABLE_OBJC_WEAK = YES;
				CLANG_WARN_BLOCK_CAPTURE_AUTORELEASING = YES;
				CLANG_WARN_BOOL_CONVERSION = YES;
				CLANG_WARN_COMMA = YES;
				CLANG_WARN_CONSTANT_CONVERSION = YES;
				CLANG_WARN_DEPRECATED_OBJC_IMPLEMENTATIONS = YES;
				CLANG_WARN_DIRECT_OBJC_ISA_USAGE = YES_ERROR;
				CLANG_WARN_DOCUMENTATION_COMMENTS = YES;
				CLANG_WARN_EMPTY_BODY = YES;
				CLANG_WARN_ENUM_CONVERSION = YES;
				CLANG_WARN_INFINITE_RECURSION = YES;
				CLANG_WARN_INT_CONVERSION = YES;
				CLANG_WARN_NON_LITERAL_NULL_CONVERSION = YES;
				CLANG_WARN_OBJC_IMPLICIT_RETAIN_SELF = YES;
				CLANG_WARN_OBJC_LITERAL_CONVERSION = YES;
				CLANG_WARN_OBJC_ROOT_CLASS = YES_ERROR;
				CLANG_WARN_RANGE_LOOP_ANALYSIS = YES;
				CLANG_WARN_STRICT_PROTOTYPES = YES;
				CLANG_WARN_SUSPICIOUS_MOVE = YES;
				CLANG_WARN_UNGUARDED_AVAILABILITY = YES_AGGRESSIVE;
				CLANG_WARN_UNREACHABLE_CODE = YES;
				CLANG_WARN__DUPLICATE_METHOD_MATCH = YES;
				CODE_SIGN_IDENTITY = "iPhone Developer";
				COPY_PHASE_STRIP = NO;
				DEBUG_INFORMATION_FORMAT = dwarf;
				ENABLE_STRICT_OBJC_MSGSEND = YES;
				ENABLE_TESTABILITY = YES;
				GCC_C_LANGUAGE_STANDARD = gnu11;
				GCC_DYNAMIC_NO_PIC = NO;
				GCC_NO_COMMON_BLOCKS = YES;
				GCC_OPTIMIZATION_LEVEL = 0;
				GCC_PREPROCESSOR_DEFINITIONS = (
					"DEBUG=1",
					"$(inherited)",
				);
				GCC_WARN_64_TO_32_BIT_CONVERSION = YES;
				GCC_WARN_ABOUT_RETURN_TYPE = YES_ERROR;
				GCC_WARN_UNDECLARED_SELECTOR = YES;
				GCC_WARN_UNINITIALIZED_AUTOS = YES_AGGRESSIVE;
				GCC_WARN_UNUSED_FUNCTION = YES;
				GCC_WARN_UNUSED_VARIABLE = YES;
				IPHONEOS_DEPLOYMENT_TARGET = 12.1;
				MTL_ENABLE_DEBUG_INFO = INCLUDE_SOURCE;
				MTL_FAST_MATH = YES;
				ONLY_ACTIVE_ARCH = YES;
				SDKROOT = iphoneos;
				SWIFT_ACTIVE_COMPILATION_CONDITIONS = DEBUG;
				SWIFT_OPTIMIZATION_LEVEL = "-Onone";
			};
			name = Debug;
		};
		DC194CCB21FA003D0015FDF8 /* Release */ = {
			isa = XCBuildConfiguration;
			buildSettings = {
				ALWAYS_SEARCH_USER_PATHS = NO;
				CLANG_ANALYZER_NONNULL = YES;
				CLANG_ANALYZER_NUMBER_OBJECT_CONVERSION = YES_AGGRESSIVE;
				CLANG_CXX_LANGUAGE_STANDARD = "gnu++14";
				CLANG_CXX_LIBRARY = "libc++";
				CLANG_ENABLE_MODULES = YES;
				CLANG_ENABLE_OBJC_ARC = YES;
				CLANG_ENABLE_OBJC_WEAK = YES;
				CLANG_WARN_BLOCK_CAPTURE_AUTORELEASING = YES;
				CLANG_WARN_BOOL_CONVERSION = YES;
				CLANG_WARN_COMMA = YES;
				CLANG_WARN_CONSTANT_CONVERSION = YES;
				CLANG_WARN_DEPRECATED_OBJC_IMPLEMENTATIONS = YES;
				CLANG_WARN_DIRECT_OBJC_ISA_USAGE = YES_ERROR;
				CLANG_WARN_DOCUMENTATION_COMMENTS = YES;
				CLANG_WARN_EMPTY_BODY = YES;
				CLANG_WARN_ENUM_CONVERSION = YES;
				CLANG_WARN_INFINITE_RECURSION = YES;
				CLANG_WARN_INT_CONVERSION = YES;
				CLANG_WARN_NON_LITERAL_NULL_CONVERSION = YES;
				CLANG_WARN_OBJC_IMPLICIT_RETAIN_SELF = YES;
				CLANG_WARN_OBJC_LITERAL_CONVERSION = YES;
				CLANG_WARN_OBJC_ROOT_CLASS = YES_ERROR;
				CLANG_WARN_RANGE_LOOP_ANALYSIS = YES;
				CLANG_WARN_STRICT_PROTOTYPES = YES;
				CLANG_WARN_SUSPICIOUS_MOVE = YES;
				CLANG_WARN_UNGUARDED_AVAILABILITY = YES_AGGRESSIVE;
				CLANG_WARN_UNREACHABLE_CODE = YES;
				CLANG_WARN__DUPLICATE_METHOD_MATCH = YES;
				CODE_SIGN_IDENTITY = "iPhone Developer";
				COPY_PHASE_STRIP = NO;
				DEBUG_INFORMATION_FORMAT = "dwarf-with-dsym";
				ENABLE_NS_ASSERTIONS = NO;
				ENABLE_STRICT_OBJC_MSGSEND = YES;
				GCC_C_LANGUAGE_STANDARD = gnu11;
				GCC_NO_COMMON_BLOCKS = YES;
				GCC_WARN_64_TO_32_BIT_CONVERSION = YES;
				GCC_WARN_ABOUT_RETURN_TYPE = YES_ERROR;
				GCC_WARN_UNDECLARED_SELECTOR = YES;
				GCC_WARN_UNINITIALIZED_AUTOS = YES_AGGRESSIVE;
				GCC_WARN_UNUSED_FUNCTION = YES;
				GCC_WARN_UNUSED_VARIABLE = YES;
				IPHONEOS_DEPLOYMENT_TARGET = 12.1;
				MTL_ENABLE_DEBUG_INFO = NO;
				MTL_FAST_MATH = YES;
				SDKROOT = iphoneos;
				SWIFT_COMPILATION_MODE = wholemodule;
				SWIFT_OPTIMIZATION_LEVEL = "-O";
				VALIDATE_PRODUCT = YES;
			};
			name = Release;
		};
		DC194CCD21FA003D0015FDF8 /* Debug */ = {
			isa = XCBuildConfiguration;
			baseConfigurationReference = 4C384B604F0E490ADC6E3DF0 /* Pods-Teste Hi.debug.xcconfig */;
			buildSettings = {
				ASSETCATALOG_COMPILER_APPICON_NAME = AppIcon;
				CODE_SIGN_STYLE = Automatic;
				DEVELOPMENT_TEAM = 2UGQRH4B6K;
				INFOPLIST_FILE = "Teste Hi/Info.plist";
				LD_RUNPATH_SEARCH_PATHS = (
					"$(inherited)",
					"@executable_path/Frameworks",
				);
				PRODUCT_BUNDLE_IDENTIFIER = "org.example.Teste-Hi";
				PRODUCT_NAME = "$(TARGET_NAME)";
				SWIFT_VERSION = 4.2;
				TARGETED_DEVICE_FAMILY = "1,2";
			};
			name = Debug;
		};
		DC194CCE21FA003D0015FDF8 /* Release */ = {
			isa = XCBuildConfiguration;
			baseConfigurationReference = 109291356EEFA805C2F7D914 /* Pods-Teste Hi.release.xcconfig */;
			buildSettings = {
				ASSETCATALOG_COMPILER_APPICON_NAME = AppIcon;
				CODE_SIGN_STYLE = Automatic;
				DEVELOPMENT_TEAM = 2UGQRH4B6K;
				INFOPLIST_FILE = "Teste Hi/Info.plist";
				LD_RUNPATH_SEARCH_PATHS = (
					"$(inherited)",
					"@executable_path/Frameworks",
				);
				PRODUCT_BUNDLE_IDENTIFIER = "org.example.Teste-Hi";
				PRODUCT_NAME = "$(TARGET_NAME)";
				SWIFT_VERSION = 4.2;
				TARGETED_DEVICE_FAMILY = "1,2";
			};
			name = Release;
		};
		DC194CD021FA003D0015FDF8 /* Debug */ = {
			isa = XCBuildConfiguration;
			baseConfigurationReference = 266D9BFE91A529FAB7D4C355 /* Pods-Teste HiTests.debug.xcconfig */;
			buildSettings = {
				ALWAYS_EMBED_SWIFT_STANDARD_LIBRARIES = YES;
				BUNDLE_LOADER = "$(TEST_HOST)";
				CODE_SIGN_STYLE = Automatic;
				INFOPLIST_FILE = "Teste HiTests/Info.plist";
				LD_RUNPATH_SEARCH_PATHS = (
					"$(inherited)",
					"@executable_path/Frameworks",
					"@loader_path/Frameworks",
				);
				PRODUCT_BUNDLE_IDENTIFIER = "org.example.Teste-HiTests";
				PRODUCT_NAME = "$(TARGET_NAME)";
				SWIFT_VERSION = 4.2;
				TARGETED_DEVICE_FAMILY = "1,2";
				TEST_HOST = "$(BUILT_PRODUCTS_DIR)/Teste Hi.app/Teste Hi";
			};
			name = Debug;
		};
		DC194CD121FA003D0015FDF8 /* Release */ = {
			isa = XCBuildConfiguration;
			baseConfigurationReference = 638211B1920A30090E1CCBBB /* Pods-Teste HiTests.release.xcconfig */;
			buildSettings = {
				ALWAYS_EMBED_SWIFT_STANDARD_LIBRARIES = YES;
				BUNDLE_LOADER = "$(TEST_HOST)";
				CODE_SIGN_STYLE = Automatic;
				INFOPLIST_FILE = "Teste HiTests/Info.plist";
				LD_RUNPATH_SEARCH_PATHS = (
					"$(inherited)",
					"@executable_path/Frameworks",
					"@loader_path/Frameworks",
				);
				PRODUCT_BUNDLE_IDENTIFIER = "org.example.Teste-HiTests";
				PRODUCT_NAME = "$(TARGET_NAME)";
				SWIFT_VERSION = 4.2;
				TARGETED_DEVICE_FAMILY = "1,2";
				TEST_HOST = "$(BUILT_PRODUCTS_DIR)/Teste Hi.app/Teste Hi";
			};
			name = Release;
		};
/* End XCBuildConfiguration section */

/* Begin XCConfigurationList section */
		DC194CAA21FA003B0015FDF8 /* Build configuration list for PBXProject "Teste Hi" */ = {
			isa = XCConfigurationList;
			buildConfigurations = (
				DC194CCA21FA003D0015FDF8 /* Debug */,
				DC194CCB21FA003D0015FDF8 /* Release */,
			);
			defaultConfigurationIsVisible = 0;
			defaultConfigurationName = Release;
		};
		DC194CCC21FA003D0015FDF8 /* Build configuration list for PBXNativeTarget "Teste Hi" */ = {
			isa = XCConfigurationList;
			buildConfigurations = (
				DC194CCD21FA003D0015FDF8 /* Debug */,
				DC194CCE21FA003D0015FDF8 /* Release */,
			);
			defaultConfigurationIsVisible = 0;
			defaultConfigurationName = Release;
		};
		DC194CCF21FA003D0015FDF8 /* Build configuration list for PBXNativeTarget "Teste HiTests" */ = {
			isa = XCConfigurationList;
			buildConfigurations = (
				DC194CD021FA003D0015FDF8 /* Debug */,
				DC194CD121FA003D0015FDF8 /* Release */,
			);
			defaultConfigurationIsVisible = 0;
			defaultConfigurationName = Release;
		};
/* End XCConfigurationList section */
	};
	rootObject = DC194CA721FA003B0015FDF8 /* Project object */;
}
